
Microsoft Visual Studio Solution File, Format Version 12.00
# Visual Studio Version 16
VisualStudioVersion = 16.0.31129.286
MinimumVisualStudioVersion = 10.0.40219.1
Project("{FAE04EC0-301F-11D3-BF4B-00C04F79EFBC}") = "PalindromString", "PalindromString\PalindromString.csproj", "{0976F66F-08C4-4A76-9DBB-86799430298F}"
EndProject
Global
	GlobalSection(SolutionConfigurationPlatforms) = preSolution
		Debug|Any CPU = Debug|Any CPU
		Release|Any CPU = Release|Any CPU
	EndGlobalSection
	GlobalSection(ProjectConfigurationPlatforms) = postSolution
		{0976F66F-08C4-4A76-9DBB-86799430298F}.Debug|Any CPU.ActiveCfg = Debug|Any CPU
		{0976F66F-08C4-4A76-9DBB-86799430298F}.Debug|Any CPU.Build.0 = Debug|Any CPU
		{0976F66F-08C4-4A76-9DBB-86799430298F}.Release|Any CPU.ActiveCfg = Release|Any CPU
		{0976F66F-08C4-4A76-9DBB-86799430298F}.Release|Any CPU.Build.0 = Release|Any CPU
	EndGlobalSection
	GlobalSection(SolutionProperties) = preSolution
		HideSolutionNode = FALSE
	EndGlobalSection
	GlobalSection(ExtensibilityGlobals) = postSolution
		SolutionGuid = {BA7154C5-2769-4AA3-B137-30EECA870E0E}
	EndGlobalSection
EndGlobal
